// !$*UTF8*$!
{
	archiveVersion = 1;
	classes = {
	};
	objectVersion = 56;
	objects = {

/* Begin PBXBuildFile section */
		AA1000000000000000000001 /* main.swift in Sources */ = {isa = PBXBuildFile; fileRef = AA0000000000000000000001 /* main.swift */; };
		AA1000000000000000000002 /* AppDelegate.swift in Sources */ = {isa = PBXBuildFile; fileRef = AA0000000000000000000002 /* AppDelegate.swift */; };
		AA1000000000000000000003 /* HintEngine.swift in Sources */ = {isa = PBXBuildFile; fileRef = AA0000000000000000000003 /* HintEngine.swift */; };
		AA1000000000000000000004 /* AXScanner.swift in Sources */ = {isa = PBXBuildFile; fileRef = AA0000000000000000000004 /* AXScanner.swift */; };
		AA1000000000000000000005 /* MLScanner.swift in Sources */ = {isa = PBXBuildFile; fileRef = AA0000000000000000000005 /* MLScanner.swift */; };
		AA1000000000000000000006 /* OverlayWindow.swift in Sources */ = {isa = PBXBuildFile; fileRef = AA0000000000000000000006 /* OverlayWindow.swift */; };
		AA1000000000000000000007 /* HintLabel.swift in Sources */ = {isa = PBXBuildFile; fileRef = AA0000000000000000000007 /* HintLabel.swift */; };
		AA1000000000000000000008 /* KeyHandler.swift in Sources */ = {isa = PBXBuildFile; fileRef = AA0000000000000000000008 /* KeyHandler.swift */; };
		AA1000000000000000000009 /* Assets.xcassets in Resources */ = {isa = PBXBuildFile; fileRef = AA0000000000000000000009 /* Assets.xcassets */; };
		AA100000000000000000000A /* model.mlpackage in Resources */ = {isa = PBXBuildFile; fileRef = AA000000000000000000000A /* model.mlpackage */; };
		AA100000000000000000000B /* Cocoa.framework in Frameworks */ = {isa = PBXBuildFile; fileRef = AA000000000000000000000B /* Cocoa.framework */; };
		AA100000000000000000000C /* CoreML.framework in Frameworks */ = {isa = PBXBuildFile; fileRef = AA000000000000000000000C /* CoreML.framework */; };
		AA100000000000000000000D /* Vision.framework in Frameworks */ = {isa = PBXBuildFile; fileRef = AA000000000000000000000D /* Vision.framework */; };
/* End PBXBuildFile section */

/* Begin PBXFileReference section */
		AA0000000000000000000001 /* main.swift */ = {isa = PBXFileReference; lastKnownFileType = sourcecode.swift; path = main.swift; sourceTree = "<group>"; };
		AA0000000000000000000002 /* AppDelegate.swift */ = {isa = PBXFileReference; lastKnownFileType = sourcecode.swift; path = AppDelegate.swift; sourceTree = "<group>"; };
		AA0000000000000000000003 /* HintEngine.swift */ = {isa = PBXFileReference; lastKnownFileType = sourcecode.swift; path = HintEngine.swift; sourceTree = "<group>"; };
		AA0000000000000000000004 /* AXScanner.swift */ = {isa = PBXFileReference; lastKnownFileType = sourcecode.swift; path = AXScanner.swift; sourceTree = "<group>"; };
		AA0000000000000000000005 /* MLScanner.swift */ = {isa = PBXFileReference; lastKnownFileType = sourcecode.swift; path = MLScanner.swift; sourceTree = "<group>"; };
		AA0000000000000000000006 /* OverlayWindow.swift */ = {isa = PBXFileReference; lastKnownFileType = sourcecode.swift; path = OverlayWindow.swift; sourceTree = "<group>"; };
		AA0000000000000000000007 /* HintLabel.swift */ = {isa = PBXFileReference; lastKnownFileType = sourcecode.swift; path = HintLabel.swift; sourceTree = "<group>"; };
		AA0000000000000000000008 /* KeyHandler.swift */ = {isa = PBXFileReference; lastKnownFileType = sourcecode.swift; path = KeyHandler.swift; sourceTree = "<group>"; };
		AA0000000000000000000009 /* Assets.xcassets */ = {isa = PBXFileReference; lastKnownFileType = folder.assetcatalog; path = Assets.xcassets; sourceTree = "<group>"; };
		AA000000000000000000000A /* model.mlpackage */ = {isa = PBXFileReference; lastKnownFileType = folder; path = model.mlpackage; sourceTree = "<group>"; };
		AA000000000000000000000B /* Cocoa.framework */ = {isa = PBXFileReference; lastKnownFileType = wrapper.framework; name = Cocoa.framework; path = System/Library/Frameworks/Cocoa.framework; sourceTree = SDKROOT; };
		AA000000000000000000000C /* CoreML.framework */ = {isa = PBXFileReference; lastKnownFileType = wrapper.framework; name = CoreML.framework; path = System/Library/Frameworks/CoreML.framework; sourceTree = SDKROOT; };
		AA000000000000000000000D /* Vision.framework */ = {isa = PBXFileReference; lastKnownFileType = wrapper.framework; name = Vision.framework; path = System/Library/Frameworks/Vision.framework; sourceTree = SDKROOT; };
		AA000000000000000000000E /* Info.plist */ = {isa = PBXFileReference; lastKnownFileType = text.plist.xml; path = Info.plist; sourceTree = "<group>"; };
		AA000000000000000000000F /* VimHint.entitlements */ = {isa = PBXFileReference; lastKnownFileType = text.plist.entitlements; path = VimHint.entitlements; sourceTree = "<group>"; };
		AA0000000000000000000010 /* VimHint.app */ = {isa = PBXFileReference; explicitFileType = wrapper.application; includeInIndex = 0; path = VimHint.app; sourceTree = BUILT_PRODUCTS_DIR; };
/* End PBXFileReference section */

/* Begin PBXFrameworksBuildPhase section */
		BB0000000000000000000001 /* Frameworks */ = {
			isa = PBXFrameworksBuildPhase;
			buildActionMask = 2147483647;
			files = (
				AA100000000000000000000B /* Cocoa.framework in Frameworks */,
				AA100000000000000000000C /* CoreML.framework in Frameworks */,
				AA100000000000000000000D /* Vision.framework in Frameworks */,
			);
			runOnlyForDeploymentPostprocessing = 0;
		};
/* End PBXFrameworksBuildPhase section */

/* Begin PBXGroup section */
		CC0000000000000000000001 /* Root */ = {
			isa = PBXGroup;
			children = (
				CC0000000000000000000002 /* VimHint */,
				CC0000000000000000000003 /* Frameworks */,
				CC0000000000000000000004 /* Products */,
			);
			sourceTree = "<group>";
		};
		CC0000000000000000000002 /* VimHint */ = {
			isa = PBXGroup;
			children = (
				AA0000000000000000000001 /* main.swift */,
				AA0000000000000000000002 /* AppDelegate.swift */,
				AA0000000000000000000003 /* HintEngine.swift */,
				AA0000000000000000000004 /* AXScanner.swift */,
				AA0000000000000000000005 /* MLScanner.swift */,
				AA0000000000000000000006 /* OverlayWindow.swift */,
				AA0000000000000000000007 /* HintLabel.swift */,
				AA0000000000000000000008 /* KeyHandler.swift */,
				AA0000000000000000000009 /* Assets.xcassets */,
				AA000000000000000000000A /* model.mlpackage */,
				AA000000000000000000000E /* Info.plist */,
				AA000000000000000000000F /* VimHint.entitlements */,
			);
			path = VimHint;
			sourceTree = "<group>";
		};
		CC0000000000000000000003 /* Frameworks */ = {
			isa = PBXGroup;
			children = (
				AA000000000000000000000B /* Cocoa.framework */,
				AA000000000000000000000C /* CoreML.framework */,
				AA000000000000000000000D /* Vision.framework */,
			);
			name = Frameworks;
			sourceTree = "<group>";
		};
		CC0000000000000000000004 /* Products */ = {
			isa = PBXGroup;
			children = (
				AA0000000000000000000010 /* VimHint.app */,
			);
			name = Products;
			sourceTree = "<group>";
		};
/* End PBXGroup section */

/* Begin PBXNativeTarget section */
		DD0000000000000000000001 /* VimHint */ = {
			isa = PBXNativeTarget;
			buildConfigurationList = EE0000000000000000000002 /* Build configuration list for PBXNativeTarget "VimHint" */;
			buildPhases = (
				BB0000000000000000000002 /* Sources */,
				BB0000000000000000000001 /* Frameworks */,
				BB0000000000000000000003 /* Resources */,
			);
			buildRules = (
			);
			dependencies = (
			);
			name = VimHint;
			productName = VimHint;
			productReference = AA0000000000000000000010 /* VimHint.app */;
			productType = "com.apple.product-type.application";
		};
/* End PBXNativeTarget section */

/* Begin PBXProject section */
		FF0000000000000000000001 /* Project object */ = {
			isa = PBXProject;
			attributes = {
				BuildIndependentTargetsInParallel = 1;
				LastSwiftUpdateCheck = 1500;
				LastUpgradeCheck = 1500;
				TargetAttributes = {
					DD0000000000000000000001 = {
						CreatedOnToolsVersion = 15.0;
					};
				};
			};
			buildConfigurationList = EE0000000000000000000001 /* Build configuration list for PBXProject "VimHint" */;
			compatibilityVersion = "Xcode 14.0";
			developmentRegion = en;
			hasScannedForEncodings = 0;
			knownRegions = (
				en,
				Base,
			);
			mainGroup = CC0000000000000000000001;
			productRefGroup = CC0000000000000000000004 /* Products */;
			projectDirPath = "";
			projectRoot = "";
			targets = (
				DD0000000000000000000001 /* VimHint */,
			);
		};
/* End PBXProject section */

/* Begin PBXResourcesBuildPhase section */
		BB0000000000000000000003 /* Resources */ = {
			isa = PBXResourcesBuildPhase;
			buildActionMask = 2147483647;
			files = (
				AA1000000000000000000009 /* Assets.xcassets in Resources */,
				AA100000000000000000000A /* model.mlpackage in Resources */,
			);
			runOnlyForDeploymentPostprocessing = 0;
		};
/* End PBXResourcesBuildPhase section */

/* Begin PBXSourcesBuildPhase section */
		BB0000000000000000000002 /* Sources */ = {
			isa = PBXSourcesBuildPhase;
			buildActionMask = 2147483647;
			files = (
				AA1000000000000000000001 /* main.swift in Sources */,
				AA1000000000000000000002 /* AppDelegate.swift in Sources */,
				AA1000000000000000000003 /* HintEngine.swift in Sources */,
				AA1000000000000000000004 /* AXScanner.swift in Sources */,
				AA1000000000000000000005 /* MLScanner.swift in Sources */,
				AA1000000000000000000006 /* OverlayWindow.swift in Sources */,
				AA1000000000000000000007 /* HintLabel.swift in Sources */,
				AA1000000000000000000008 /* KeyHandler.swift in Sources */,
			);
			runOnlyForDeploymentPostprocessing = 0;
		};
/* End PBXSourcesBuildPhase section */

/* Begin XCBuildConfiguration section */
		XC0000000000000000000001 /* Debug — Project */ = {
			isa = XCBuildConfiguration;
			buildSettings = {
				ALWAYS_SEARCH_USER_PATHS = NO;
				ASSETCATALOG_COMPILER_GENERATE_SWIFT_ASSET_SYMBOL_EXTENSIONS = YES;
				CLANG_ANALYZER_NONNULL = YES;
				CLANG_ANALYZER_NUMBER_OBJECT_CONVERSION = YES_AGGRESSIVE;
				CLANG_CXX_LANGUAGE_STANDARD = "gnu++20";
				CLANG_ENABLE_MODULES = YES;
				CLANG_ENABLE_OBJC_ARC = YES;
				CLANG_ENABLE_OBJC_WEAK = YES;
				CLANG_WARN_BLOCK_CAPTURE_AUTORELEASING = YES;
				CLANG_WARN_BOOL_CONVERSION = YES;
				CLANG_WARN_COMMA = YES;
				CLANG_WARN_CONSTANT_CONVERSION = YES;
				CLANG_WARN_DEPRECATED_OBJC_IMPLEMENTATIONS = YES;
				CLANG_WARN_DIRECT_OBJC_ISA_USAGE = YES_ERROR;
				CLANG_WARN_DOCUMENTATION_COMMENTS = YES;
				CLANG_WARN_EMPTY_BODY = YES;
				CLANG_WARN_ENUM_CONVERSION = YES;
				CLANG_WARN_INFINITE_RECURSION = YES;
				CLANG_WARN_INT_CONVERSION = YES;
				CLANG_WARN_NON_LITERAL_NULL_CONVERSION = YES;
				CLANG_WARN_OBJC_IMPLICIT_RETAIN_CYCLE = YES;
				CLANG_WARN_OBJC_LITERAL_CONVERSION = YES;
				CLANG_WARN_OBJC_ROOT_CLASS = YES_ERROR;
				CLANG_WARN_QUOTED_INCLUDE_IN_FRAMEWORK_HEADER = YES;
				CLANG_WARN_RANGE_LOOP_ANALYSIS = YES;
				CLANG_WARN_STRICT_PROTOTYPES = YES;
				CLANG_WARN_SUSPICIOUS_MOVE = YES;
				CLANG_WARN_UNGUARDED_AVAILABILITY = YES_AGGRESSIVE;
				CLANG_WARN_UNREACHABLE_CODE = YES;
				CLANG_WARN__DUPLICATE_METHOD_MATCH = YES;
				COPY_PHASE_STRIP = NO;
				DEBUG_INFORMATION_FORMAT = dwarf;
				ENABLE_STRICT_OBJC_MSGSEND = YES;
				ENABLE_TESTABILITY = YES;
				ENABLE_USER_SCRIPT_SANDBOXING = YES;
				GCC_C_LANGUAGE_STANDARD = gnu17;
				GCC_DYNAMIC_NO_PIC = NO;
				GCC_NO_COMMON_BLOCKS = YES;
				GCC_OPTIMIZATION_LEVEL = 0;
				GCC_PREPROCESSOR_DEFINITIONS = (
					"DEBUG=1",
					"$(inherited)",
				);
				GCC_WARN_64_TO_32_BIT_CONVERSION = YES;
				GCC_WARN_ABOUT_RETURN_TYPE = YES_ERROR;
				GCC_WARN_UNDECLARED_SELECTOR = YES;
				GCC_WARN_UNINITIALIZED_AUTOS = YES_AGGRESSIVE;
				GCC_WARN_UNUSED_FUNCTION = YES;
				GCC_WARN_UNUSED_VARIABLE = YES;
				LOCALIZATION_PREFERS_STRING_CATALOGS = YES;
				MACOSX_DEPLOYMENT_TARGET = 13.0;
				MTL_ENABLE_DEBUG_INFO = INCLUDE_SOURCE;
				MTL_FAST_MATH = YES;
				ONLY_ACTIVE_ARCH = YES;
				SDKROOT = macosx;
				SWIFT_ACTIVE_COMPILATION_CONDITIONS = DEBUG;
				SWIFT_OPTIMIZATION_LEVEL = "-Onone";
			};
			name = Debug;
		};
		XC0000000000000000000002 /* Release — Project */ = {
			isa = XCBuildConfiguration;
			buildSettings = {
				ALWAYS_SEARCH_USER_PATHS = NO;
				ASSETCATALOG_COMPILER_GENERATE_SWIFT_ASSET_SYMBOL_EXTENSIONS = YES;
				CLANG_ANALYZER_NONNULL = YES;
				CLANG_ANALYZER_NUMBER_OBJECT_CONVERSION = YES_AGGRESSIVE;
				CLANG_CXX_LANGUAGE_STANDARD = "gnu++20";
				CLANG_ENABLE_MODULES = YES;
				CLANG_ENABLE_OBJC_ARC = YES;
				CLANG_ENABLE_OBJC_WEAK = YES;
				CLANG_WARN_BLOCK_CAPTURE_AUTORELEASING = YES;
				CLANG_WARN_BOOL_CONVERSION = YES;
				CLANG_WARN_COMMA = YES;
				CLANG_WARN_CONSTANT_CONVERSION = YES;
				CLANG_WARN_DEPRECATED_OBJC_IMPLEMENTATIONS = YES;
				CLANG_WARN_DIRECT_OBJC_ISA_USAGE = YES_ERROR;
				CLANG_WARN_DOCUMENTATION_COMMENTS = YES;
				CLANG_WARN_EMPTY_BODY = YES;
				CLANG_WARN_ENUM_CONVERSION = YES;
				CLANG_WARN_INFINITE_RECURSION = YES;
				CLANG_WARN_INT_CONVERSION = YES;
				CLANG_WARN_NON_LITERAL_NULL_CONVERSION = YES;
				CLANG_WARN_OBJC_IMPLICIT_RETAIN_CYCLE = YES;
				CLANG_WARN_OBJC_LITERAL_CONVERSION = YES;
				CLANG_WARN_OBJC_ROOT_CLASS = YES_ERROR;
				CLANG_WARN_QUOTED_INCLUDE_IN_FRAMEWORK_HEADER = YES;
				CLANG_WARN_RANGE_LOOP_ANALYSIS = YES;
				CLANG_WARN_STRICT_PROTOTYPES = YES;
				CLANG_WARN_SUSPICIOUS_MOVE = YES;
				CLANG_WARN_UNGUARDED_AVAILABILITY = YES_AGGRESSIVE;
				CLANG_WARN_UNREACHABLE_CODE = YES;
				CLANG_WARN__DUPLICATE_METHOD_MATCH = YES;
				COPY_PHASE_STRIP = NO;
				DEBUG_INFORMATION_FORMAT = "dwarf-with-dsym";
				ENABLE_NS_ASSERTIONS = NO;
				ENABLE_STRICT_OBJC_MSGSEND = YES;
				ENABLE_USER_SCRIPT_SANDBOXING = YES;
				GCC_C_LANGUAGE_STANDARD = gnu17;
				GCC_NO_COMMON_BLOCKS = YES;
				GCC_WARN_64_TO_32_BIT_CONVERSION = YES;
				GCC_WARN_ABOUT_RETURN_TYPE = YES_ERROR;
				GCC_WARN_UNDECLARED_SELECTOR = YES;
				GCC_WARN_UNINITIALIZED_AUTOS = YES_AGGRESSIVE;
				GCC_WARN_UNUSED_FUNCTION = YES;
				GCC_WARN_UNUSED_VARIABLE = YES;
				LOCALIZATION_PREFERS_STRING_CATALOGS = YES;
				MACOSX_DEPLOYMENT_TARGET = 13.0;
				MTL_FAST_MATH = YES;
				SDKROOT = macosx;
				SWIFT_COMPILATION_MODE = wholemodule;
				SWIFT_OPTIMIZATION_LEVEL = "-O";
			};
			name = Release;
		};
		XC0000000000000000000003 /* Debug — Target */ = {
			isa = XCBuildConfiguration;
			buildSettings = {
				ASSETCATALOG_COMPILER_APPICON_NAME = AppIcon;
				ASSETCATALOG_COMPILER_GLOBAL_ACCENT_COLOR_NAME = AccentColor;
				CODE_SIGN_ENTITLEMENTS = VimHint/VimHint.entitlements;
				CODE_SIGN_STYLE = Automatic;
				COMBINE_HIDPI_IMAGES = YES;
				CURRENT_PROJECT_VERSION = 1;
				GENERATE_INFOPLIST_FILE = NO;
				INFOPLIST_FILE = VimHint/Info.plist;
				LD_RUNPATH_SEARCH_PATHS = (
					"$(inherited)",
					"@executable_path/../Frameworks",
				);
				MARKETING_VERSION = 1.0;
				PRODUCT_BUNDLE_IDENTIFIER = com.vimhint.app;
				PRODUCT_NAME = "$(TARGET_NAME)";
				SWIFT_EMIT_LOC_STRINGS = YES;
				SWIFT_VERSION = 5.0;
			};
			name = Debug;
		};
		XC0000000000000000000004 /* Release — Target */ = {
			isa = XCBuildConfiguration;
			buildSettings = {
				ASSETCATALOG_COMPILER_APPICON_NAME = AppIcon;
				ASSETCATALOG_COMPILER_GLOBAL_ACCENT_COLOR_NAME = AccentColor;
				CODE_SIGN_ENTITLEMENTS = VimHint/VimHint.entitlements;
				CODE_SIGN_STYLE = Automatic;
				COMBINE_HIDPI_IMAGES = YES;
				CURRENT_PROJECT_VERSION = 1;
				GENERATE_INFOPLIST_FILE = NO;
				INFOPLIST_FILE = VimHint/Info.plist;
				LD_RUNPATH_SEARCH_PATHS = (
					"$(inherited)",
					"@executable_path/../Frameworks",
				);
				MARKETING_VERSION = 1.0;
				PRODUCT_BUNDLE_IDENTIFIER = com.vimhint.app;
				PRODUCT_NAME = "$(TARGET_NAME)";
				SWIFT_EMIT_LOC_STRINGS = YES;
				SWIFT_VERSION = 5.0;
			};
			name = Release;
		};
/* End XCBuildConfiguration section */

/* Begin XCConfigurationList section */
		EE0000000000000000000001 /* Build configuration list for PBXProject "VimHint" */ = {
			isa = XCConfigurationList;
			buildConfigurations = (
				XC0000000000000000000001 /* Debug */,
				XC0000000000000000000002 /* Release */,
			);
			defaultConfigurationIsVisible = 0;
			defaultConfigurationName = Release;
		};
		EE0000000000000000000002 /* Build configuration list for PBXNativeTarget "VimHint" */ = {
			isa = XCConfigurationList;
			buildConfigurations = (
				XC0000000000000000000003 /* Debug */,
				XC0000000000000000000004 /* Release */,
			);
			defaultConfigurationIsVisible = 0;
			defaultConfigurationName = Release;
		};
/* End XCConfigurationList section */

	};
	rootObject = FF0000000000000000000001 /* Project object */;
}
